// !$*UTF8*$!
{
	archiveVersion = 1;
	classes = {
	};
	objectVersion = 56;
	objects = {

/* Begin PBXBuildFile section */
		C402CEFB2B3D9705002606A5 /* EcommerceApp.swift in Sources */ = {isa = PBXBuildFile; fileRef = C402CEFA2B3D9705002606A5 /* EcommerceApp.swift */; };
		C402CEFF2B3D9707002606A5 /* Assets.xcassets in Resources */ = {isa = PBXBuildFile; fileRef = C402CEFE2B3D9707002606A5 /* Assets.xcassets */; };
		C402CF022B3D9707002606A5 /* Preview Assets.xcassets in Resources */ = {isa = PBXBuildFile; fileRef = C402CF012B3D9707002606A5 /* Preview Assets.xcassets */; };
		C43026372B5D81880024ABA9 /* CategoryView.swift in Sources */ = {isa = PBXBuildFile; fileRef = C43026362B5D81880024ABA9 /* CategoryView.swift */; };
		C43026392B5D825C0024ABA9 /* CategoryViewModel.swift in Sources */ = {isa = PBXBuildFile; fileRef = C43026382B5D825C0024ABA9 /* CategoryViewModel.swift */; };
		C430263B2B5D85C30024ABA9 /* ProductUseCaseProtocol.swift in Sources */ = {isa = PBXBuildFile; fileRef = C430263A2B5D85C30024ABA9 /* ProductUseCaseProtocol.swift */; };
		C430263D2B5D85DD0024ABA9 /* ProductUseCase.swift in Sources */ = {isa = PBXBuildFile; fileRef = C430263C2B5D85DD0024ABA9 /* ProductUseCase.swift */; };
		C430263F2B5D86170024ABA9 /* Productable.swift in Sources */ = {isa = PBXBuildFile; fileRef = C430263E2B5D86170024ABA9 /* Productable.swift */; };
		C43026412B5D87950024ABA9 /* FirebaseProductRepository.swift in Sources */ = {isa = PBXBuildFile; fileRef = C43026402B5D87950024ABA9 /* FirebaseProductRepository.swift */; };
		C43026452B5DA6B50024ABA9 /* ProductDTO.swift in Sources */ = {isa = PBXBuildFile; fileRef = C43026442B5DA6B50024ABA9 /* ProductDTO.swift */; };
		C43026472B5DADC90024ABA9 /* ProductView.swift in Sources */ = {isa = PBXBuildFile; fileRef = C43026462B5DADC90024ABA9 /* ProductView.swift */; };
		C43795BB2B3F29CE009EAD1B /* AuthView.swift in Sources */ = {isa = PBXBuildFile; fileRef = C43795BA2B3F29CE009EAD1B /* AuthView.swift */; };
		C43795BD2B3F29F3009EAD1B /* AuthViewModel.swift in Sources */ = {isa = PBXBuildFile; fileRef = C43795BC2B3F29F3009EAD1B /* AuthViewModel.swift */; };
		C43795C22B3F2B73009EAD1B /* AuthUseCaseProtocol.swift in Sources */ = {isa = PBXBuildFile; fileRef = C43795C12B3F2B73009EAD1B /* AuthUseCaseProtocol.swift */; };
		C43795C42B3F2B8D009EAD1B /* AuthUseCase.swift in Sources */ = {isa = PBXBuildFile; fileRef = C43795C32B3F2B8D009EAD1B /* AuthUseCase.swift */; };
		C43795C82B405CFD009EAD1B /* SessionManager.swift in Sources */ = {isa = PBXBuildFile; fileRef = C43795C72B405CFD009EAD1B /* SessionManager.swift */; };
		C43795CA2B405D4B009EAD1B /* MainTabView.swift in Sources */ = {isa = PBXBuildFile; fileRef = C43795C92B405D4B009EAD1B /* MainTabView.swift */; };
		C43795CC2B421DAD009EAD1B /* DiscoverView.swift in Sources */ = {isa = PBXBuildFile; fileRef = C43795CB2B421DAD009EAD1B /* DiscoverView.swift */; };
		C43795CE2B421DBA009EAD1B /* CatalogView.swift in Sources */ = {isa = PBXBuildFile; fileRef = C43795CD2B421DBA009EAD1B /* CatalogView.swift */; };
		C43795D02B421DC5009EAD1B /* CartView.swift in Sources */ = {isa = PBXBuildFile; fileRef = C43795CF2B421DC5009EAD1B /* CartView.swift */; };
		C43795D22B421DD0009EAD1B /* FavoritesView.swift in Sources */ = {isa = PBXBuildFile; fileRef = C43795D12B421DD0009EAD1B /* FavoritesView.swift */; };
		C43795D42B421DDA009EAD1B /* SettingsView.swift in Sources */ = {isa = PBXBuildFile; fileRef = C43795D32B421DDA009EAD1B /* SettingsView.swift */; };
		C43795D72B4224CF009EAD1B /* FirebaseAnalytics in Frameworks */ = {isa = PBXBuildFile; productRef = C43795D62B4224CF009EAD1B /* FirebaseAnalytics */; };
		C43795DB2B4224CF009EAD1B /* FirebaseAnalyticsSwift in Frameworks */ = {isa = PBXBuildFile; productRef = C43795DA2B4224CF009EAD1B /* FirebaseAnalyticsSwift */; };
		C43795E32B4224CF009EAD1B /* FirebaseAuth in Frameworks */ = {isa = PBXBuildFile; productRef = C43795E22B4224CF009EAD1B /* FirebaseAuth */; };
		C43795E72B4224CF009EAD1B /* FirebaseCrashlytics in Frameworks */ = {isa = PBXBuildFile; productRef = C43795E62B4224CF009EAD1B /* FirebaseCrashlytics */; };
		C43795E92B4224CF009EAD1B /* FirebaseDatabase in Frameworks */ = {isa = PBXBuildFile; productRef = C43795E82B4224CF009EAD1B /* FirebaseDatabase */; };
		C43795EB2B4224CF009EAD1B /* FirebaseDatabaseSwift in Frameworks */ = {isa = PBXBuildFile; productRef = C43795EA2B4224CF009EAD1B /* FirebaseDatabaseSwift */; };
		C43795EF2B4224CF009EAD1B /* FirebaseFirestore in Frameworks */ = {isa = PBXBuildFile; productRef = C43795EE2B4224CF009EAD1B /* FirebaseFirestore */; };
		C43795F32B4224CF009EAD1B /* FirebaseFirestoreSwift in Frameworks */ = {isa = PBXBuildFile; productRef = C43795F22B4224CF009EAD1B /* FirebaseFirestoreSwift */; };
		C43796092B4224CF009EAD1B /* FirebaseStorage in Frameworks */ = {isa = PBXBuildFile; productRef = C43796082B4224CF009EAD1B /* FirebaseStorage */; };
		C437960D2B4225C4009EAD1B /* AppDelegate.swift in Sources */ = {isa = PBXBuildFile; fileRef = C437960C2B4225C4009EAD1B /* AppDelegate.swift */; };
		C43796102B45F384009EAD1B /* GoogleService-Info.plist in Resources */ = {isa = PBXBuildFile; fileRef = C437960F2B45F384009EAD1B /* GoogleService-Info.plist */; };
		C43796122B46FD69009EAD1B /* LoginView.swift in Sources */ = {isa = PBXBuildFile; fileRef = C43796112B46FD69009EAD1B /* LoginView.swift */; };
		C43796142B46FF32009EAD1B /* LoginViewModel.swift in Sources */ = {isa = PBXBuildFile; fileRef = C43796132B46FF32009EAD1B /* LoginViewModel.swift */; };
		C43796162B4703F1009EAD1B /* Authenticatable.swift in Sources */ = {isa = PBXBuildFile; fileRef = C43796152B4703F1009EAD1B /* Authenticatable.swift */; };
		C43796182B470413009EAD1B /* User.swift in Sources */ = {isa = PBXBuildFile; fileRef = C43796172B470413009EAD1B /* User.swift */; };
		C437961B2B470C46009EAD1B /* FirebaseAuthRepository.swift in Sources */ = {isa = PBXBuildFile; fileRef = C437961A2B470C46009EAD1B /* FirebaseAuthRepository.swift */; };
		C437961D2B47292A009EAD1B /* DependencyContainer.swift in Sources */ = {isa = PBXBuildFile; fileRef = C437961C2B47292A009EAD1B /* DependencyContainer.swift */; };
		C437961F2B473179009EAD1B /* RegisterView.swift in Sources */ = {isa = PBXBuildFile; fileRef = C437961E2B473179009EAD1B /* RegisterView.swift */; };
		C43796212B4731A1009EAD1B /* RegisterViewModel.swift in Sources */ = {isa = PBXBuildFile; fileRef = C43796202B4731A1009EAD1B /* RegisterViewModel.swift */; };
		C43796232B473683009EAD1B /* NavigationCoordinator.swift in Sources */ = {isa = PBXBuildFile; fileRef = C43796222B473683009EAD1B /* NavigationCoordinator.swift */; };
		C4407E4C2B4DE73000DF0C8D /* DiscoverViewModel.swift in Sources */ = {isa = PBXBuildFile; fileRef = C4407E4B2B4DE73000DF0C8D /* DiscoverViewModel.swift */; };
		C4407E4E2B4DE74400DF0C8D /* CatalogViewModel.swift in Sources */ = {isa = PBXBuildFile; fileRef = C4407E4D2B4DE74400DF0C8D /* CatalogViewModel.swift */; };
		C4407E502B4DE75800DF0C8D /* CartViewModel.swift in Sources */ = {isa = PBXBuildFile; fileRef = C4407E4F2B4DE75800DF0C8D /* CartViewModel.swift */; };
		C4407E522B4DE76900DF0C8D /* FavoritesViewModel.swift in Sources */ = {isa = PBXBuildFile; fileRef = C4407E512B4DE76900DF0C8D /* FavoritesViewModel.swift */; };
		C4407E542B4DE77800DF0C8D /* SettingsViewModel.swift in Sources */ = {isa = PBXBuildFile; fileRef = C4407E532B4DE77800DF0C8D /* SettingsViewModel.swift */; };
		C4407E562B4DEAB600DF0C8D /* Order.swift in Sources */ = {isa = PBXBuildFile; fileRef = C4407E552B4DEAB600DF0C8D /* Order.swift */; };
		C4407E582B4DEADB00DF0C8D /* Product.swift in Sources */ = {isa = PBXBuildFile; fileRef = C4407E572B4DEADB00DF0C8D /* Product.swift */; };
		C4407E5A2B4DEB5E00DF0C8D /* Payment.swift in Sources */ = {isa = PBXBuildFile; fileRef = C4407E592B4DEB5E00DF0C8D /* Payment.swift */; };
		C4407E5C2B4DEBE000DF0C8D /* FirebaseLogRepository.swift in Sources */ = {isa = PBXBuildFile; fileRef = C4407E5B2B4DEBE000DF0C8D /* FirebaseLogRepository.swift */; };
		C4407E5E2B4DEC0E00DF0C8D /* FirebaseOrderRepository.swift in Sources */ = {isa = PBXBuildFile; fileRef = C4407E5D2B4DEC0E00DF0C8D /* FirebaseOrderRepository.swift */; };
		C4407E602B4DEC2700DF0C8D /* Ordeable.swift in Sources */ = {isa = PBXBuildFile; fileRef = C4407E5F2B4DEC2700DF0C8D /* Ordeable.swift */; };
		C4407E622B4DEC4500DF0C8D /* Logable.swift in Sources */ = {isa = PBXBuildFile; fileRef = C4407E612B4DEC4500DF0C8D /* Logable.swift */; };
		C4407E642B4DEC7700DF0C8D /* OrderUseCaseProtocol.swift in Sources */ = {isa = PBXBuildFile; fileRef = C4407E632B4DEC7700DF0C8D /* OrderUseCaseProtocol.swift */; };
		C4407E662B4DEC8500DF0C8D /* OrderUseCase.swift in Sources */ = {isa = PBXBuildFile; fileRef = C4407E652B4DEC8500DF0C8D /* OrderUseCase.swift */; };
		C4407E682B4DEC9F00DF0C8D /* LogUseCaseProtocol.swift in Sources */ = {isa = PBXBuildFile; fileRef = C4407E672B4DEC9F00DF0C8D /* LogUseCaseProtocol.swift */; };
		C4407E6A2B4DECAC00DF0C8D /* LogUseCase.swift in Sources */ = {isa = PBXBuildFile; fileRef = C4407E692B4DECAC00DF0C8D /* LogUseCase.swift */; };
		C45C1C202B5C715900EC896E /* Colors.xcassets in Resources */ = {isa = PBXBuildFile; fileRef = C45C1C1F2B5C715900EC896E /* Colors.xcassets */; };
		C45C1C222B5C742800EC896E /* NonSelectableLabel.swift in Sources */ = {isa = PBXBuildFile; fileRef = C45C1C212B5C742800EC896E /* NonSelectableLabel.swift */; };
		C45C1C242B5D53DA00EC896E /* Categoriable.swift in Sources */ = {isa = PBXBuildFile; fileRef = C45C1C232B5D53DA00EC896E /* Categoriable.swift */; };
		C45C1C262B5D546A00EC896E /* Category.swift in Sources */ = {isa = PBXBuildFile; fileRef = C45C1C252B5D546A00EC896E /* Category.swift */; };
		C45C1C292B5D548800EC896E /* CategoryDTO.swift in Sources */ = {isa = PBXBuildFile; fileRef = C45C1C282B5D548800EC896E /* CategoryDTO.swift */; };
		C45C1C2B2B5D54C500EC896E /* FirebaseCategoryRepository.swift in Sources */ = {isa = PBXBuildFile; fileRef = C45C1C2A2B5D54C500EC896E /* FirebaseCategoryRepository.swift */; };
		C45C1C2D2B5D55EE00EC896E /* CategoryUseCaseProtocol.swift in Sources */ = {isa = PBXBuildFile; fileRef = C45C1C2C2B5D55EE00EC896E /* CategoryUseCaseProtocol.swift */; };
		C45C1C2F2B5D56E600EC896E /* CategoryUseCase.swift in Sources */ = {isa = PBXBuildFile; fileRef = C45C1C2E2B5D56E600EC896E /* CategoryUseCase.swift */; };
/* End PBXBuildFile section */

/* Begin PBXFileReference section */
		C402CEF72B3D9705002606A5 /* Ecommerce.app */ = {isa = PBXFileReference; explicitFileType = wrapper.application; includeInIndex = 0; path = Ecommerce.app; sourceTree = BUILT_PRODUCTS_DIR; };
		C402CEFA2B3D9705002606A5 /* EcommerceApp.swift */ = {isa = PBXFileReference; lastKnownFileType = sourcecode.swift; path = EcommerceApp.swift; sourceTree = "<group>"; };
		C402CEFE2B3D9707002606A5 /* Assets.xcassets */ = {isa = PBXFileReference; lastKnownFileType = folder.assetcatalog; path = Assets.xcassets; sourceTree = "<group>"; };
		C402CF012B3D9707002606A5 /* Preview Assets.xcassets */ = {isa = PBXFileReference; lastKnownFileType = folder.assetcatalog; path = "Preview Assets.xcassets"; sourceTree = "<group>"; };
		C43026362B5D81880024ABA9 /* CategoryView.swift */ = {isa = PBXFileReference; lastKnownFileType = sourcecode.swift; path = CategoryView.swift; sourceTree = "<group>"; };
		C43026382B5D825C0024ABA9 /* CategoryViewModel.swift */ = {isa = PBXFileReference; lastKnownFileType = sourcecode.swift; path = CategoryViewModel.swift; sourceTree = "<group>"; };
		C430263A2B5D85C30024ABA9 /* ProductUseCaseProtocol.swift */ = {isa = PBXFileReference; lastKnownFileType = sourcecode.swift; path = ProductUseCaseProtocol.swift; sourceTree = "<group>"; };
		C430263C2B5D85DD0024ABA9 /* ProductUseCase.swift */ = {isa = PBXFileReference; lastKnownFileType = sourcecode.swift; path = ProductUseCase.swift; sourceTree = "<group>"; };
		C430263E2B5D86170024ABA9 /* Productable.swift */ = {isa = PBXFileReference; lastKnownFileType = sourcecode.swift; path = Productable.swift; sourceTree = "<group>"; };
		C43026402B5D87950024ABA9 /* FirebaseProductRepository.swift */ = {isa = PBXFileReference; lastKnownFileType = sourcecode.swift; path = FirebaseProductRepository.swift; sourceTree = "<group>"; };
		C43026442B5DA6B50024ABA9 /* ProductDTO.swift */ = {isa = PBXFileReference; lastKnownFileType = sourcecode.swift; path = ProductDTO.swift; sourceTree = "<group>"; };
		C43026462B5DADC90024ABA9 /* ProductView.swift */ = {isa = PBXFileReference; lastKnownFileType = sourcecode.swift; path = ProductView.swift; sourceTree = "<group>"; };
		C43795BA2B3F29CE009EAD1B /* AuthView.swift */ = {isa = PBXFileReference; lastKnownFileType = sourcecode.swift; path = AuthView.swift; sourceTree = "<group>"; };
		C43795BC2B3F29F3009EAD1B /* AuthViewModel.swift */ = {isa = PBXFileReference; lastKnownFileType = sourcecode.swift; path = AuthViewModel.swift; sourceTree = "<group>"; };
		C43795C12B3F2B73009EAD1B /* AuthUseCaseProtocol.swift */ = {isa = PBXFileReference; lastKnownFileType = sourcecode.swift; path = AuthUseCaseProtocol.swift; sourceTree = "<group>"; };
		C43795C32B3F2B8D009EAD1B /* AuthUseCase.swift */ = {isa = PBXFileReference; lastKnownFileType = sourcecode.swift; path = AuthUseCase.swift; sourceTree = "<group>"; };
		C43795C72B405CFD009EAD1B /* SessionManager.swift */ = {isa = PBXFileReference; lastKnownFileType = sourcecode.swift; path = SessionManager.swift; sourceTree = "<group>"; };
		C43795C92B405D4B009EAD1B /* MainTabView.swift */ = {isa = PBXFileReference; lastKnownFileType = sourcecode.swift; path = MainTabView.swift; sourceTree = "<group>"; };
		C43795CB2B421DAD009EAD1B /* DiscoverView.swift */ = {isa = PBXFileReference; lastKnownFileType = sourcecode.swift; path = DiscoverView.swift; sourceTree = "<group>"; };
		C43795CD2B421DBA009EAD1B /* CatalogView.swift */ = {isa = PBXFileReference; lastKnownFileType = sourcecode.swift; path = CatalogView.swift; sourceTree = "<group>"; };
		C43795CF2B421DC5009EAD1B /* CartView.swift */ = {isa = PBXFileReference; lastKnownFileType = sourcecode.swift; path = CartView.swift; sourceTree = "<group>"; };
		C43795D12B421DD0009EAD1B /* FavoritesView.swift */ = {isa = PBXFileReference; lastKnownFileType = sourcecode.swift; path = FavoritesView.swift; sourceTree = "<group>"; };
		C43795D32B421DDA009EAD1B /* SettingsView.swift */ = {isa = PBXFileReference; lastKnownFileType = sourcecode.swift; path = SettingsView.swift; sourceTree = "<group>"; };
		C437960C2B4225C4009EAD1B /* AppDelegate.swift */ = {isa = PBXFileReference; lastKnownFileType = sourcecode.swift; path = AppDelegate.swift; sourceTree = "<group>"; };
		C437960F2B45F384009EAD1B /* GoogleService-Info.plist */ = {isa = PBXFileReference; fileEncoding = 4; lastKnownFileType = text.plist.xml; path = "GoogleService-Info.plist"; sourceTree = "<group>"; };
		C43796112B46FD69009EAD1B /* LoginView.swift */ = {isa = PBXFileReference; lastKnownFileType = sourcecode.swift; path = LoginView.swift; sourceTree = "<group>"; };
		C43796132B46FF32009EAD1B /* LoginViewModel.swift */ = {isa = PBXFileReference; lastKnownFileType = sourcecode.swift; path = LoginViewModel.swift; sourceTree = "<group>"; };
		C43796152B4703F1009EAD1B /* Authenticatable.swift */ = {isa = PBXFileReference; lastKnownFileType = sourcecode.swift; path = Authenticatable.swift; sourceTree = "<group>"; };
		C43796172B470413009EAD1B /* User.swift */ = {isa = PBXFileReference; lastKnownFileType = sourcecode.swift; path = User.swift; sourceTree = "<group>"; };
		C437961A2B470C46009EAD1B /* FirebaseAuthRepository.swift */ = {isa = PBXFileReference; lastKnownFileType = sourcecode.swift; path = FirebaseAuthRepository.swift; sourceTree = "<group>"; };
		C437961C2B47292A009EAD1B /* DependencyContainer.swift */ = {isa = PBXFileReference; lastKnownFileType = sourcecode.swift; path = DependencyContainer.swift; sourceTree = "<group>"; };
		C437961E2B473179009EAD1B /* RegisterView.swift */ = {isa = PBXFileReference; lastKnownFileType = sourcecode.swift; path = RegisterView.swift; sourceTree = "<group>"; };
		C43796202B4731A1009EAD1B /* RegisterViewModel.swift */ = {isa = PBXFileReference; lastKnownFileType = sourcecode.swift; path = RegisterViewModel.swift; sourceTree = "<group>"; };
		C43796222B473683009EAD1B /* NavigationCoordinator.swift */ = {isa = PBXFileReference; lastKnownFileType = sourcecode.swift; path = NavigationCoordinator.swift; sourceTree = "<group>"; };
		C4407E4B2B4DE73000DF0C8D /* DiscoverViewModel.swift */ = {isa = PBXFileReference; lastKnownFileType = sourcecode.swift; path = DiscoverViewModel.swift; sourceTree = "<group>"; };
		C4407E4D2B4DE74400DF0C8D /* CatalogViewModel.swift */ = {isa = PBXFileReference; lastKnownFileType = sourcecode.swift; path = CatalogViewModel.swift; sourceTree = "<group>"; };
		C4407E4F2B4DE75800DF0C8D /* CartViewModel.swift */ = {isa = PBXFileReference; lastKnownFileType = sourcecode.swift; path = CartViewModel.swift; sourceTree = "<group>"; };
		C4407E512B4DE76900DF0C8D /* FavoritesViewModel.swift */ = {isa = PBXFileReference; lastKnownFileType = sourcecode.swift; path = FavoritesViewModel.swift; sourceTree = "<group>"; };
		C4407E532B4DE77800DF0C8D /* SettingsViewModel.swift */ = {isa = PBXFileReference; lastKnownFileType = sourcecode.swift; path = SettingsViewModel.swift; sourceTree = "<group>"; };
		C4407E552B4DEAB600DF0C8D /* Order.swift */ = {isa = PBXFileReference; lastKnownFileType = sourcecode.swift; path = Order.swift; sourceTree = "<group>"; };
		C4407E572B4DEADB00DF0C8D /* Product.swift */ = {isa = PBXFileReference; lastKnownFileType = sourcecode.swift; path = Product.swift; sourceTree = "<group>"; };
		C4407E592B4DEB5E00DF0C8D /* Payment.swift */ = {isa = PBXFileReference; lastKnownFileType = sourcecode.swift; path = Payment.swift; sourceTree = "<group>"; };
		C4407E5B2B4DEBE000DF0C8D /* FirebaseLogRepository.swift */ = {isa = PBXFileReference; lastKnownFileType = sourcecode.swift; path = FirebaseLogRepository.swift; sourceTree = "<group>"; };
		C4407E5D2B4DEC0E00DF0C8D /* FirebaseOrderRepository.swift */ = {isa = PBXFileReference; lastKnownFileType = sourcecode.swift; path = FirebaseOrderRepository.swift; sourceTree = "<group>"; };
		C4407E5F2B4DEC2700DF0C8D /* Ordeable.swift */ = {isa = PBXFileReference; lastKnownFileType = sourcecode.swift; path = Ordeable.swift; sourceTree = "<group>"; };
		C4407E612B4DEC4500DF0C8D /* Logable.swift */ = {isa = PBXFileReference; lastKnownFileType = sourcecode.swift; path = Logable.swift; sourceTree = "<group>"; };
		C4407E632B4DEC7700DF0C8D /* OrderUseCaseProtocol.swift */ = {isa = PBXFileReference; lastKnownFileType = sourcecode.swift; path = OrderUseCaseProtocol.swift; sourceTree = "<group>"; };
		C4407E652B4DEC8500DF0C8D /* OrderUseCase.swift */ = {isa = PBXFileReference; lastKnownFileType = sourcecode.swift; path = OrderUseCase.swift; sourceTree = "<group>"; };
		C4407E672B4DEC9F00DF0C8D /* LogUseCaseProtocol.swift */ = {isa = PBXFileReference; lastKnownFileType = sourcecode.swift; path = LogUseCaseProtocol.swift; sourceTree = "<group>"; };
		C4407E692B4DECAC00DF0C8D /* LogUseCase.swift */ = {isa = PBXFileReference; lastKnownFileType = sourcecode.swift; path = LogUseCase.swift; sourceTree = "<group>"; };
		C45C1C1F2B5C715900EC896E /* Colors.xcassets */ = {isa = PBXFileReference; lastKnownFileType = folder.assetcatalog; path = Colors.xcassets; sourceTree = "<group>"; };
		C45C1C212B5C742800EC896E /* NonSelectableLabel.swift */ = {isa = PBXFileReference; lastKnownFileType = sourcecode.swift; path = NonSelectableLabel.swift; sourceTree = "<group>"; };
		C45C1C232B5D53DA00EC896E /* Categoriable.swift */ = {isa = PBXFileReference; lastKnownFileType = sourcecode.swift; path = Categoriable.swift; sourceTree = "<group>"; };
		C45C1C252B5D546A00EC896E /* Category.swift */ = {isa = PBXFileReference; lastKnownFileType = sourcecode.swift; path = Category.swift; sourceTree = "<group>"; };
		C45C1C282B5D548800EC896E /* CategoryDTO.swift */ = {isa = PBXFileReference; lastKnownFileType = sourcecode.swift; path = CategoryDTO.swift; sourceTree = "<group>"; };
		C45C1C2A2B5D54C500EC896E /* FirebaseCategoryRepository.swift */ = {isa = PBXFileReference; lastKnownFileType = sourcecode.swift; path = FirebaseCategoryRepository.swift; sourceTree = "<group>"; };
		C45C1C2C2B5D55EE00EC896E /* CategoryUseCaseProtocol.swift */ = {isa = PBXFileReference; lastKnownFileType = sourcecode.swift; path = CategoryUseCaseProtocol.swift; sourceTree = "<group>"; };
		C45C1C2E2B5D56E600EC896E /* CategoryUseCase.swift */ = {isa = PBXFileReference; lastKnownFileType = sourcecode.swift; path = CategoryUseCase.swift; sourceTree = "<group>"; };
/* End PBXFileReference section */

/* Begin PBXFrameworksBuildPhase section */
		C402CEF42B3D9705002606A5 /* Frameworks */ = {
			isa = PBXFrameworksBuildPhase;
			buildActionMask = 2147483647;
			files = (
				C43795E92B4224CF009EAD1B /* FirebaseDatabase in Frameworks */,
				C43795EF2B4224CF009EAD1B /* FirebaseFirestore in Frameworks */,
				C43795DB2B4224CF009EAD1B /* FirebaseAnalyticsSwift in Frameworks */,
				C43795D72B4224CF009EAD1B /* FirebaseAnalytics in Frameworks */,
				C43795F32B4224CF009EAD1B /* FirebaseFirestoreSwift in Frameworks */,
				C43795E32B4224CF009EAD1B /* FirebaseAuth in Frameworks */,
				C43795E72B4224CF009EAD1B /* FirebaseCrashlytics in Frameworks */,
				C43795EB2B4224CF009EAD1B /* FirebaseDatabaseSwift in Frameworks */,
				C43796092B4224CF009EAD1B /* FirebaseStorage in Frameworks */,
			);
			runOnlyForDeploymentPostprocessing = 0;
		};
/* End PBXFrameworksBuildPhase section */

/* Begin PBXGroup section */
		C402CEEE2B3D9705002606A5 = {
			isa = PBXGroup;
			children = (
				C402CEF92B3D9705002606A5 /* Ecommerce */,
				C402CEF82B3D9705002606A5 /* Products */,
			);
			sourceTree = "<group>";
		};
		C402CEF82B3D9705002606A5 /* Products */ = {
			isa = PBXGroup;
			children = (
				C402CEF72B3D9705002606A5 /* Ecommerce.app */,
			);
			name = Products;
			sourceTree = "<group>";
		};
		C402CEF92B3D9705002606A5 /* Ecommerce */ = {
			isa = PBXGroup;
			children = (
				C4BA231B2B3E475E00F89DF8 /* Core */,
				C4BA23192B3E474500F89DF8 /* Sources */,
				C4BA231A2B3E474E00F89DF8 /* Resources */,
				C437960E2B45F2AA009EAD1B /* SupportingFiles */,
			);
			path = Ecommerce;
			sourceTree = "<group>";
		};
		C43795BE2B3F2A20009EAD1B /* Repositories */ = {
			isa = PBXGroup;
			children = (
				C43796152B4703F1009EAD1B /* Authenticatable.swift */,
				C4407E5F2B4DEC2700DF0C8D /* Ordeable.swift */,
				C4407E612B4DEC4500DF0C8D /* Logable.swift */,
				C45C1C232B5D53DA00EC896E /* Categoriable.swift */,
				C430263E2B5D86170024ABA9 /* Productable.swift */,
			);
			path = Repositories;
			sourceTree = "<group>";
		};
		C43795BF2B3F2A38009EAD1B /* UseCases */ = {
			isa = PBXGroup;
			children = (
				C43795C12B3F2B73009EAD1B /* AuthUseCaseProtocol.swift */,
				C43795C32B3F2B8D009EAD1B /* AuthUseCase.swift */,
				C4407E632B4DEC7700DF0C8D /* OrderUseCaseProtocol.swift */,
				C4407E652B4DEC8500DF0C8D /* OrderUseCase.swift */,
				C4407E672B4DEC9F00DF0C8D /* LogUseCaseProtocol.swift */,
				C4407E692B4DECAC00DF0C8D /* LogUseCase.swift */,
				C45C1C2C2B5D55EE00EC896E /* CategoryUseCaseProtocol.swift */,
				C45C1C2E2B5D56E600EC896E /* CategoryUseCase.swift */,
				C430263A2B5D85C30024ABA9 /* ProductUseCaseProtocol.swift */,
				C430263C2B5D85DD0024ABA9 /* ProductUseCase.swift */,
			);
			path = UseCases;
			sourceTree = "<group>";
		};
		C43795C02B3F2A49009EAD1B /* Entities */ = {
			isa = PBXGroup;
			children = (
				C43796172B470413009EAD1B /* User.swift */,
				C4407E552B4DEAB600DF0C8D /* Order.swift */,
				C4407E572B4DEADB00DF0C8D /* Product.swift */,
				C4407E592B4DEB5E00DF0C8D /* Payment.swift */,
				C45C1C252B5D546A00EC896E /* Category.swift */,
			);
			path = Entities;
			sourceTree = "<group>";
		};
		C437960E2B45F2AA009EAD1B /* SupportingFiles */ = {
			isa = PBXGroup;
			children = (
				C437960F2B45F384009EAD1B /* GoogleService-Info.plist */,
			);
			path = SupportingFiles;
			sourceTree = "<group>";
		};
		C43796192B470C36009EAD1B /* Repositories */ = {
			isa = PBXGroup;
			children = (
				C437961A2B470C46009EAD1B /* FirebaseAuthRepository.swift */,
				C4407E5B2B4DEBE000DF0C8D /* FirebaseLogRepository.swift */,
				C4407E5D2B4DEC0E00DF0C8D /* FirebaseOrderRepository.swift */,
				C45C1C2A2B5D54C500EC896E /* FirebaseCategoryRepository.swift */,
				C43026402B5D87950024ABA9 /* FirebaseProductRepository.swift */,
			);
			path = Repositories;
			sourceTree = "<group>";
		};
		C45C1C272B5D547F00EC896E /* Entities */ = {
			isa = PBXGroup;
			children = (
				C45C1C282B5D548800EC896E /* CategoryDTO.swift */,
				C43026442B5DA6B50024ABA9 /* ProductDTO.swift */,
			);
			path = Entities;
			sourceTree = "<group>";
		};
		C4BA23192B3E474500F89DF8 /* Sources */ = {
			isa = PBXGroup;
			children = (
				C4BA231C2B3E476900F89DF8 /* Presentation */,
				C4BA231D2B3E477100F89DF8 /* Domain */,
				C4BA231E2B3E477800F89DF8 /* Data */,
			);
			path = Sources;
			sourceTree = "<group>";
		};
		C4BA231A2B3E474E00F89DF8 /* Resources */ = {
			isa = PBXGroup;
			children = (
				C402CEFE2B3D9707002606A5 /* Assets.xcassets */,
				C402CF012B3D9707002606A5 /* Preview Assets.xcassets */,
				C45C1C1F2B5C715900EC896E /* Colors.xcassets */,
			);
			path = Resources;
			sourceTree = "<group>";
		};
		C4BA231B2B3E475E00F89DF8 /* Core */ = {
			isa = PBXGroup;
			children = (
				C437961C2B47292A009EAD1B /* DependencyContainer.swift */,
			);
			path = Core;
			sourceTree = "<group>";
		};
		C4BA231C2B3E476900F89DF8 /* Presentation */ = {
			isa = PBXGroup;
			children = (
				C4BA23222B3ECFF700F89DF8 /* Application */,
				C4BA23212B3E47D900F89DF8 /* Views */,
				C4BA23202B3E47CD00F89DF8 /* ViewModels */,
				C4BA231F2B3E47C000F89DF8 /* Components */,
			);
			path = Presentation;
			sourceTree = "<group>";
		};
		C4BA231D2B3E477100F89DF8 /* Domain */ = {
			isa = PBXGroup;
			children = (
				C43795C02B3F2A49009EAD1B /* Entities */,
				C43795BF2B3F2A38009EAD1B /* UseCases */,
				C43795BE2B3F2A20009EAD1B /* Repositories */,
			);
			path = Domain;
			sourceTree = "<group>";
		};
		C4BA231E2B3E477800F89DF8 /* Data */ = {
			isa = PBXGroup;
			children = (
				C45C1C272B5D547F00EC896E /* Entities */,
				C43796192B470C36009EAD1B /* Repositories */,
			);
			path = Data;
			sourceTree = "<group>";
		};
		C4BA231F2B3E47C000F89DF8 /* Components */ = {
			isa = PBXGroup;
			children = (
				C45C1C212B5C742800EC896E /* NonSelectableLabel.swift */,
			);
			path = Components;
			sourceTree = "<group>";
		};
		C4BA23202B3E47CD00F89DF8 /* ViewModels */ = {
			isa = PBXGroup;
			children = (
				C43795BC2B3F29F3009EAD1B /* AuthViewModel.swift */,
				C43796132B46FF32009EAD1B /* LoginViewModel.swift */,
				C43796202B4731A1009EAD1B /* RegisterViewModel.swift */,
				C4407E4B2B4DE73000DF0C8D /* DiscoverViewModel.swift */,
				C4407E4D2B4DE74400DF0C8D /* CatalogViewModel.swift */,
				C4407E4F2B4DE75800DF0C8D /* CartViewModel.swift */,
				C4407E512B4DE76900DF0C8D /* FavoritesViewModel.swift */,
				C4407E532B4DE77800DF0C8D /* SettingsViewModel.swift */,
				C43026382B5D825C0024ABA9 /* CategoryViewModel.swift */,
			);
			path = ViewModels;
			sourceTree = "<group>";
		};
		C4BA23212B3E47D900F89DF8 /* Views */ = {
			isa = PBXGroup;
			children = (
				C43795BA2B3F29CE009EAD1B /* AuthView.swift */,
				C43796112B46FD69009EAD1B /* LoginView.swift */,
				C437961E2B473179009EAD1B /* RegisterView.swift */,
				C43795C92B405D4B009EAD1B /* MainTabView.swift */,
				C43795CB2B421DAD009EAD1B /* DiscoverView.swift */,
				C43795CD2B421DBA009EAD1B /* CatalogView.swift */,
				C43795CF2B421DC5009EAD1B /* CartView.swift */,
				C43795D12B421DD0009EAD1B /* FavoritesView.swift */,
				C43795D32B421DDA009EAD1B /* SettingsView.swift */,
				C43026362B5D81880024ABA9 /* CategoryView.swift */,
				C43026462B5DADC90024ABA9 /* ProductView.swift */,
			);
			path = Views;
			sourceTree = "<group>";
		};
		C4BA23222B3ECFF700F89DF8 /* Application */ = {
			isa = PBXGroup;
			children = (
				C437960C2B4225C4009EAD1B /* AppDelegate.swift */,
				C402CEFA2B3D9705002606A5 /* EcommerceApp.swift */,
				C43795C72B405CFD009EAD1B /* SessionManager.swift */,
				C43796222B473683009EAD1B /* NavigationCoordinator.swift */,
			);
			path = Application;
			sourceTree = "<group>";
		};
/* End PBXGroup section */

/* Begin PBXNativeTarget section */
		C402CEF62B3D9705002606A5 /* Ecommerce */ = {
			isa = PBXNativeTarget;
			buildConfigurationList = C402CF052B3D9707002606A5 /* Build configuration list for PBXNativeTarget "Ecommerce" */;
			buildPhases = (
				C402CEF32B3D9705002606A5 /* Sources */,
				C402CEF42B3D9705002606A5 /* Frameworks */,
				C402CEF52B3D9705002606A5 /* Resources */,
				C40D79C02B3EFC2200BBFD42 /* SwiftLint */,
			);
			buildRules = (
			);
			dependencies = (
			);
			name = Ecommerce;
			packageProductDependencies = (
				C43795D62B4224CF009EAD1B /* FirebaseAnalytics */,
				C43795DA2B4224CF009EAD1B /* FirebaseAnalyticsSwift */,
				C43795E22B4224CF009EAD1B /* FirebaseAuth */,
				C43795E62B4224CF009EAD1B /* FirebaseCrashlytics */,
				C43795E82B4224CF009EAD1B /* FirebaseDatabase */,
				C43795EA2B4224CF009EAD1B /* FirebaseDatabaseSwift */,
				C43795EE2B4224CF009EAD1B /* FirebaseFirestore */,
				C43795F22B4224CF009EAD1B /* FirebaseFirestoreSwift */,
				C43796082B4224CF009EAD1B /* FirebaseStorage */,
			);
			productName = Ecommerce;
			productReference = C402CEF72B3D9705002606A5 /* Ecommerce.app */;
			productType = "com.apple.product-type.application";
		};
/* End PBXNativeTarget section */

/* Begin PBXProject section */
		C402CEEF2B3D9705002606A5 /* Project object */ = {
			isa = PBXProject;
			attributes = {
				BuildIndependentTargetsInParallel = 1;
				LastSwiftUpdateCheck = 1510;
				LastUpgradeCheck = 1510;
				TargetAttributes = {
					C402CEF62B3D9705002606A5 = {
						CreatedOnToolsVersion = 15.1;
					};
				};
			};
			buildConfigurationList = C402CEF22B3D9705002606A5 /* Build configuration list for PBXProject "Ecommerce" */;
			compatibilityVersion = "Xcode 14.0";
			developmentRegion = en;
			hasScannedForEncodings = 0;
			knownRegions = (
				en,
				Base,
			);
			mainGroup = C402CEEE2B3D9705002606A5;
			packageReferences = (
				C43795D52B4224CF009EAD1B /* XCRemoteSwiftPackageReference "firebase-ios-sdk" */,
			);
			productRefGroup = C402CEF82B3D9705002606A5 /* Products */;
			projectDirPath = "";
			projectRoot = "";
			targets = (
				C402CEF62B3D9705002606A5 /* Ecommerce */,
			);
		};
/* End PBXProject section */

/* Begin PBXResourcesBuildPhase section */
		C402CEF52B3D9705002606A5 /* Resources */ = {
			isa = PBXResourcesBuildPhase;
			buildActionMask = 2147483647;
			files = (
				C402CF022B3D9707002606A5 /* Preview Assets.xcassets in Resources */,
				C45C1C202B5C715900EC896E /* Colors.xcassets in Resources */,
				C402CEFF2B3D9707002606A5 /* Assets.xcassets in Resources */,
				C43796102B45F384009EAD1B /* GoogleService-Info.plist in Resources */,
			);
			runOnlyForDeploymentPostprocessing = 0;
		};
/* End PBXResourcesBuildPhase section */

/* Begin PBXShellScriptBuildPhase section */
		C40D79C02B3EFC2200BBFD42 /* SwiftLint */ = {
			isa = PBXShellScriptBuildPhase;
			alwaysOutOfDate = 1;
			buildActionMask = 2147483647;
			files = (
			);
			inputFileListPaths = (
			);
			inputPaths = (
			);
			name = SwiftLint;
			outputFileListPaths = (
			);
			outputPaths = (
			);
			runOnlyForDeploymentPostprocessing = 0;
			shellPath = /bin/sh;
			shellScript = "if which swiftlint > /dev/null; then\n  swiftlint\nelse\n  echo \"warning: SwiftLint not installed, download from https://github.com/realm/SwiftLint\"\nfi\n";
		};
/* End PBXShellScriptBuildPhase section */

/* Begin PBXSourcesBuildPhase section */
		C402CEF32B3D9705002606A5 /* Sources */ = {
			isa = PBXSourcesBuildPhase;
			buildActionMask = 2147483647;
			files = (
				C43795D22B421DD0009EAD1B /* FavoritesView.swift in Sources */,
				C43026412B5D87950024ABA9 /* FirebaseProductRepository.swift in Sources */,
				C437961F2B473179009EAD1B /* RegisterView.swift in Sources */,
				C43795D02B421DC5009EAD1B /* CartView.swift in Sources */,
				C43026392B5D825C0024ABA9 /* CategoryViewModel.swift in Sources */,
				C437961D2B47292A009EAD1B /* DependencyContainer.swift in Sources */,
				C4407E5A2B4DEB5E00DF0C8D /* Payment.swift in Sources */,
				C45C1C2D2B5D55EE00EC896E /* CategoryUseCaseProtocol.swift in Sources */,
				C43796232B473683009EAD1B /* NavigationCoordinator.swift in Sources */,
				C437961B2B470C46009EAD1B /* FirebaseAuthRepository.swift in Sources */,
				C4407E562B4DEAB600DF0C8D /* Order.swift in Sources */,
				C43795BB2B3F29CE009EAD1B /* AuthView.swift in Sources */,
				C45C1C262B5D546A00EC896E /* Category.swift in Sources */,
				C43795CE2B421DBA009EAD1B /* CatalogView.swift in Sources */,
				C4407E682B4DEC9F00DF0C8D /* LogUseCaseProtocol.swift in Sources */,
				C43026452B5DA6B50024ABA9 /* ProductDTO.swift in Sources */,
				C45C1C2B2B5D54C500EC896E /* FirebaseCategoryRepository.swift in Sources */,
				C430263F2B5D86170024ABA9 /* Productable.swift in Sources */,
				C4407E4E2B4DE74400DF0C8D /* CatalogViewModel.swift in Sources */,
				C43795C22B3F2B73009EAD1B /* AuthUseCaseProtocol.swift in Sources */,
				C43795C82B405CFD009EAD1B /* SessionManager.swift in Sources */,
				C402CEFB2B3D9705002606A5 /* EcommerceApp.swift in Sources */,
				C43026372B5D81880024ABA9 /* CategoryView.swift in Sources */,
				C4407E522B4DE76900DF0C8D /* FavoritesViewModel.swift in Sources */,
				C45C1C292B5D548800EC896E /* CategoryDTO.swift in Sources */,
				C4407E642B4DEC7700DF0C8D /* OrderUseCaseProtocol.swift in Sources */,
				C43796182B470413009EAD1B /* User.swift in Sources */,
				C4407E582B4DEADB00DF0C8D /* Product.swift in Sources */,
				C4407E662B4DEC8500DF0C8D /* OrderUseCase.swift in Sources */,
				C43795CA2B405D4B009EAD1B /* MainTabView.swift in Sources */,
				C4407E602B4DEC2700DF0C8D /* Ordeable.swift in Sources */,
				C43796142B46FF32009EAD1B /* LoginViewModel.swift in Sources */,
				C43796122B46FD69009EAD1B /* LoginView.swift in Sources */,
				C4407E502B4DE75800DF0C8D /* CartViewModel.swift in Sources */,
				C4407E5E2B4DEC0E00DF0C8D /* FirebaseOrderRepository.swift in Sources */,
				C45C1C222B5C742800EC896E /* NonSelectableLabel.swift in Sources */,
				C437960D2B4225C4009EAD1B /* AppDelegate.swift in Sources */,
				C43026472B5DADC90024ABA9 /* ProductView.swift in Sources */,
				C43795C42B3F2B8D009EAD1B /* AuthUseCase.swift in Sources */,
				C430263B2B5D85C30024ABA9 /* ProductUseCaseProtocol.swift in Sources */,
				C45C1C2F2B5D56E600EC896E /* CategoryUseCase.swift in Sources */,
				C43796212B4731A1009EAD1B /* RegisterViewModel.swift in Sources */,
				C4407E622B4DEC4500DF0C8D /* Logable.swift in Sources */,
				C43795D42B421DDA009EAD1B /* SettingsView.swift in Sources */,
				C43795BD2B3F29F3009EAD1B /* AuthViewModel.swift in Sources */,
				C4407E6A2B4DECAC00DF0C8D /* LogUseCase.swift in Sources */,
				C4407E4C2B4DE73000DF0C8D /* DiscoverViewModel.swift in Sources */,
				C43796162B4703F1009EAD1B /* Authenticatable.swift in Sources */,
				C43795CC2B421DAD009EAD1B /* DiscoverView.swift in Sources */,
				C4407E5C2B4DEBE000DF0C8D /* FirebaseLogRepository.swift in Sources */,
				C4407E542B4DE77800DF0C8D /* SettingsViewModel.swift in Sources */,
				C45C1C242B5D53DA00EC896E /* Categoriable.swift in Sources */,
				C430263D2B5D85DD0024ABA9 /* ProductUseCase.swift in Sources */,
			);
			runOnlyForDeploymentPostprocessing = 0;
		};
/* End PBXSourcesBuildPhase section */

/* Begin XCBuildConfiguration section */
		C402CF032B3D9707002606A5 /* Debug */ = {
			isa = XCBuildConfiguration;
			buildSettings = {
				ALWAYS_SEARCH_USER_PATHS = NO;
				ASSETCATALOG_COMPILER_GENERATE_SWIFT_ASSET_SYMBOL_EXTENSIONS = YES;
				CLANG_ANALYZER_NONNULL = YES;
				CLANG_ANALYZER_NUMBER_OBJECT_CONVERSION = YES_AGGRESSIVE;
				CLANG_CXX_LANGUAGE_STANDARD = "gnu++20";
				CLANG_ENABLE_MODULES = YES;
				CLANG_ENABLE_OBJC_ARC = YES;
				CLANG_ENABLE_OBJC_WEAK = YES;
				CLANG_WARN_BLOCK_CAPTURE_AUTORELEASING = YES;
				CLANG_WARN_BOOL_CONVERSION = YES;
				CLANG_WARN_COMMA = YES;
				CLANG_WARN_CONSTANT_CONVERSION = YES;
				CLANG_WARN_DEPRECATED_OBJC_IMPLEMENTATIONS = YES;
				CLANG_WARN_DIRECT_OBJC_ISA_USAGE = YES_ERROR;
				CLANG_WARN_DOCUMENTATION_COMMENTS = YES;
				CLANG_WARN_EMPTY_BODY = YES;
				CLANG_WARN_ENUM_CONVERSION = YES;
				CLANG_WARN_INFINITE_RECURSION = YES;
				CLANG_WARN_INT_CONVERSION = YES;
				CLANG_WARN_NON_LITERAL_NULL_CONVERSION = YES;
				CLANG_WARN_OBJC_IMPLICIT_RETAIN_SELF = YES;
				CLANG_WARN_OBJC_LITERAL_CONVERSION = YES;
				CLANG_WARN_OBJC_ROOT_CLASS = YES_ERROR;
				CLANG_WARN_QUOTED_INCLUDE_IN_FRAMEWORK_HEADER = YES;
				CLANG_WARN_RANGE_LOOP_ANALYSIS = YES;
				CLANG_WARN_STRICT_PROTOTYPES = YES;
				CLANG_WARN_SUSPICIOUS_MOVE = YES;
				CLANG_WARN_UNGUARDED_AVAILABILITY = YES_AGGRESSIVE;
				CLANG_WARN_UNREACHABLE_CODE = YES;
				CLANG_WARN__DUPLICATE_METHOD_MATCH = YES;
				COPY_PHASE_STRIP = NO;
				DEBUG_INFORMATION_FORMAT = dwarf;
				ENABLE_STRICT_OBJC_MSGSEND = YES;
				ENABLE_TESTABILITY = YES;
				ENABLE_USER_SCRIPT_SANDBOXING = YES;
				GCC_C_LANGUAGE_STANDARD = gnu17;
				GCC_DYNAMIC_NO_PIC = NO;
				GCC_NO_COMMON_BLOCKS = YES;
				GCC_OPTIMIZATION_LEVEL = 0;
				GCC_PREPROCESSOR_DEFINITIONS = (
					"DEBUG=1",
					"$(inherited)",
				);
				GCC_WARN_64_TO_32_BIT_CONVERSION = YES;
				GCC_WARN_ABOUT_RETURN_TYPE = YES_ERROR;
				GCC_WARN_UNDECLARED_SELECTOR = YES;
				GCC_WARN_UNINITIALIZED_AUTOS = YES_AGGRESSIVE;
				GCC_WARN_UNUSED_FUNCTION = YES;
				GCC_WARN_UNUSED_VARIABLE = YES;
				IPHONEOS_DEPLOYMENT_TARGET = 17.2;
				LOCALIZATION_PREFERS_STRING_CATALOGS = YES;
				MTL_ENABLE_DEBUG_INFO = INCLUDE_SOURCE;
				MTL_FAST_MATH = YES;
				ONLY_ACTIVE_ARCH = YES;
				SDKROOT = iphoneos;
				SWIFT_ACTIVE_COMPILATION_CONDITIONS = "DEBUG $(inherited)";
				SWIFT_OPTIMIZATION_LEVEL = "-Onone";
			};
			name = Debug;
		};
		C402CF042B3D9707002606A5 /* Release */ = {
			isa = XCBuildConfiguration;
			buildSettings = {
				ALWAYS_SEARCH_USER_PATHS = NO;
				ASSETCATALOG_COMPILER_GENERATE_SWIFT_ASSET_SYMBOL_EXTENSIONS = YES;
				CLANG_ANALYZER_NONNULL = YES;
				CLANG_ANALYZER_NUMBER_OBJECT_CONVERSION = YES_AGGRESSIVE;
				CLANG_CXX_LANGUAGE_STANDARD = "gnu++20";
				CLANG_ENABLE_MODULES = YES;
				CLANG_ENABLE_OBJC_ARC = YES;
				CLANG_ENABLE_OBJC_WEAK = YES;
				CLANG_WARN_BLOCK_CAPTURE_AUTORELEASING = YES;
				CLANG_WARN_BOOL_CONVERSION = YES;
				CLANG_WARN_COMMA = YES;
				CLANG_WARN_CONSTANT_CONVERSION = YES;
				CLANG_WARN_DEPRECATED_OBJC_IMPLEMENTATIONS = YES;
				CLANG_WARN_DIRECT_OBJC_ISA_USAGE = YES_ERROR;
				CLANG_WARN_DOCUMENTATION_COMMENTS = YES;
				CLANG_WARN_EMPTY_BODY = YES;
				CLANG_WARN_ENUM_CONVERSION = YES;
				CLANG_WARN_INFINITE_RECURSION = YES;
				CLANG_WARN_INT_CONVERSION = YES;
				CLANG_WARN_NON_LITERAL_NULL_CONVERSION = YES;
				CLANG_WARN_OBJC_IMPLICIT_RETAIN_SELF = YES;
				CLANG_WARN_OBJC_LITERAL_CONVERSION = YES;
				CLANG_WARN_OBJC_ROOT_CLASS = YES_ERROR;
				CLANG_WARN_QUOTED_INCLUDE_IN_FRAMEWORK_HEADER = YES;
				CLANG_WARN_RANGE_LOOP_ANALYSIS = YES;
				CLANG_WARN_STRICT_PROTOTYPES = YES;
				CLANG_WARN_SUSPICIOUS_MOVE = YES;
				CLANG_WARN_UNGUARDED_AVAILABILITY = YES_AGGRESSIVE;
				CLANG_WARN_UNREACHABLE_CODE = YES;
				CLANG_WARN__DUPLICATE_METHOD_MATCH = YES;
				COPY_PHASE_STRIP = NO;
				DEBUG_INFORMATION_FORMAT = "dwarf-with-dsym";
				ENABLE_NS_ASSERTIONS = NO;
				ENABLE_STRICT_OBJC_MSGSEND = YES;
				ENABLE_USER_SCRIPT_SANDBOXING = YES;
				GCC_C_LANGUAGE_STANDARD = gnu17;
				GCC_NO_COMMON_BLOCKS = YES;
				GCC_WARN_64_TO_32_BIT_CONVERSION = YES;
				GCC_WARN_ABOUT_RETURN_TYPE = YES_ERROR;
				GCC_WARN_UNDECLARED_SELECTOR = YES;
				GCC_WARN_UNINITIALIZED_AUTOS = YES_AGGRESSIVE;
				GCC_WARN_UNUSED_FUNCTION = YES;
				GCC_WARN_UNUSED_VARIABLE = YES;
				IPHONEOS_DEPLOYMENT_TARGET = 17.2;
				LOCALIZATION_PREFERS_STRING_CATALOGS = YES;
				MTL_ENABLE_DEBUG_INFO = NO;
				MTL_FAST_MATH = YES;
				SDKROOT = iphoneos;
				SWIFT_COMPILATION_MODE = wholemodule;
				VALIDATE_PRODUCT = YES;
			};
			name = Release;
		};
		C402CF062B3D9707002606A5 /* Debug */ = {
			isa = XCBuildConfiguration;
			buildSettings = {
				ASSETCATALOG_COMPILER_APPICON_NAME = AppIcon;
				ASSETCATALOG_COMPILER_GLOBAL_ACCENT_COLOR_NAME = AccentColor;
				CODE_SIGN_STYLE = Automatic;
				CURRENT_PROJECT_VERSION = 1;
				DEVELOPMENT_ASSET_PATHS = "\"Ecommerce/Resources\"";
				DEVELOPMENT_TEAM = 3S952AGH46;
				ENABLE_PREVIEWS = YES;
				ENABLE_USER_SCRIPT_SANDBOXING = NO;
				GENERATE_INFOPLIST_FILE = YES;
				INFOPLIST_KEY_LSApplicationCategoryType = "public.app-category.shopping";
				INFOPLIST_KEY_UIApplicationSceneManifest_Generation = YES;
				INFOPLIST_KEY_UIApplicationSupportsIndirectInputEvents = YES;
				INFOPLIST_KEY_UILaunchScreen_Generation = YES;
				INFOPLIST_KEY_UISupportedInterfaceOrientations_iPad = "UIInterfaceOrientationPortrait UIInterfaceOrientationPortraitUpsideDown UIInterfaceOrientationLandscapeLeft UIInterfaceOrientationLandscapeRight";
				INFOPLIST_KEY_UISupportedInterfaceOrientations_iPhone = "UIInterfaceOrientationPortrait UIInterfaceOrientationLandscapeLeft UIInterfaceOrientationLandscapeRight";
				LD_RUNPATH_SEARCH_PATHS = (
					"$(inherited)",
					"@executable_path/Frameworks",
				);
				MARKETING_VERSION = 1.0;
				PRODUCT_BUNDLE_IDENTIFIER = com.rpairo.Ecommerce;
				PRODUCT_NAME = "$(TARGET_NAME)";
				SWIFT_EMIT_LOC_STRINGS = YES;
				SWIFT_VERSION = 5.0;
				TARGETED_DEVICE_FAMILY = "1,2";
			};
			name = Debug;
		};
		C402CF072B3D9707002606A5 /* Release */ = {
			isa = XCBuildConfiguration;
			buildSettings = {
				ASSETCATALOG_COMPILER_APPICON_NAME = AppIcon;
				ASSETCATALOG_COMPILER_GLOBAL_ACCENT_COLOR_NAME = AccentColor;
				CODE_SIGN_STYLE = Automatic;
				CURRENT_PROJECT_VERSION = 1;
				DEVELOPMENT_ASSET_PATHS = "\"Ecommerce/Resources\"";
				DEVELOPMENT_TEAM = 3S952AGH46;
				ENABLE_PREVIEWS = YES;
				ENABLE_USER_SCRIPT_SANDBOXING = NO;
				GENERATE_INFOPLIST_FILE = YES;
				INFOPLIST_KEY_LSApplicationCategoryType = "public.app-category.shopping";
				INFOPLIST_KEY_UIApplicationSceneManifest_Generation = YES;
				INFOPLIST_KEY_UIApplicationSupportsIndirectInputEvents = YES;
				INFOPLIST_KEY_UILaunchScreen_Generation = YES;
				INFOPLIST_KEY_UISupportedInterfaceOrientations_iPad = "UIInterfaceOrientationPortrait UIInterfaceOrientationPortraitUpsideDown UIInterfaceOrientationLandscapeLeft UIInterfaceOrientationLandscapeRight";
				INFOPLIST_KEY_UISupportedInterfaceOrientations_iPhone = "UIInterfaceOrientationPortrait UIInterfaceOrientationLandscapeLeft UIInterfaceOrientationLandscapeRight";
				LD_RUNPATH_SEARCH_PATHS = (
					"$(inherited)",
					"@executable_path/Frameworks",
				);
				MARKETING_VERSION = 1.0;
				PRODUCT_BUNDLE_IDENTIFIER = com.rpairo.Ecommerce;
				PRODUCT_NAME = "$(TARGET_NAME)";
				SWIFT_EMIT_LOC_STRINGS = YES;
				SWIFT_VERSION = 5.0;
				TARGETED_DEVICE_FAMILY = "1,2";
			};
			name = Release;
		};
/* End XCBuildConfiguration section */

/* Begin XCConfigurationList section */
		C402CEF22B3D9705002606A5 /* Build configuration list for PBXProject "Ecommerce" */ = {
			isa = XCConfigurationList;
			buildConfigurations = (
				C402CF032B3D9707002606A5 /* Debug */,
				C402CF042B3D9707002606A5 /* Release */,
			);
			defaultConfigurationIsVisible = 0;
			defaultConfigurationName = Release;
		};
		C402CF052B3D9707002606A5 /* Build configuration list for PBXNativeTarget "Ecommerce" */ = {
			isa = XCConfigurationList;
			buildConfigurations = (
				C402CF062B3D9707002606A5 /* Debug */,
				C402CF072B3D9707002606A5 /* Release */,
			);
			defaultConfigurationIsVisible = 0;
			defaultConfigurationName = Release;
		};
/* End XCConfigurationList section */

/* Begin XCRemoteSwiftPackageReference section */
		C43795D52B4224CF009EAD1B /* XCRemoteSwiftPackageReference "firebase-ios-sdk" */ = {
			isa = XCRemoteSwiftPackageReference;
			repositoryURL = "https://github.com/firebase/firebase-ios-sdk";
			requirement = {
				kind = upToNextMajorVersion;
				minimumVersion = 10.19.1;
			};
		};
/* End XCRemoteSwiftPackageReference section */

/* Begin XCSwiftPackageProductDependency section */
		C43795D62B4224CF009EAD1B /* FirebaseAnalytics */ = {
			isa = XCSwiftPackageProductDependency;
			package = C43795D52B4224CF009EAD1B /* XCRemoteSwiftPackageReference "firebase-ios-sdk" */;
			productName = FirebaseAnalytics;
		};
		C43795DA2B4224CF009EAD1B /* FirebaseAnalyticsSwift */ = {
			isa = XCSwiftPackageProductDependency;
			package = C43795D52B4224CF009EAD1B /* XCRemoteSwiftPackageReference "firebase-ios-sdk" */;
			productName = FirebaseAnalyticsSwift;
		};
		C43795E22B4224CF009EAD1B /* FirebaseAuth */ = {
			isa = XCSwiftPackageProductDependency;
			package = C43795D52B4224CF009EAD1B /* XCRemoteSwiftPackageReference "firebase-ios-sdk" */;
			productName = FirebaseAuth;
		};
		C43795E62B4224CF009EAD1B /* FirebaseCrashlytics */ = {
			isa = XCSwiftPackageProductDependency;
			package = C43795D52B4224CF009EAD1B /* XCRemoteSwiftPackageReference "firebase-ios-sdk" */;
			productName = FirebaseCrashlytics;
		};
		C43795E82B4224CF009EAD1B /* FirebaseDatabase */ = {
			isa = XCSwiftPackageProductDependency;
			package = C43795D52B4224CF009EAD1B /* XCRemoteSwiftPackageReference "firebase-ios-sdk" */;
			productName = FirebaseDatabase;
		};
		C43795EA2B4224CF009EAD1B /* FirebaseDatabaseSwift */ = {
			isa = XCSwiftPackageProductDependency;
			package = C43795D52B4224CF009EAD1B /* XCRemoteSwiftPackageReference "firebase-ios-sdk" */;
			productName = FirebaseDatabaseSwift;
		};
		C43795EE2B4224CF009EAD1B /* FirebaseFirestore */ = {
			isa = XCSwiftPackageProductDependency;
			package = C43795D52B4224CF009EAD1B /* XCRemoteSwiftPackageReference "firebase-ios-sdk" */;
			productName = FirebaseFirestore;
		};
		C43795F22B4224CF009EAD1B /* FirebaseFirestoreSwift */ = {
			isa = XCSwiftPackageProductDependency;
			package = C43795D52B4224CF009EAD1B /* XCRemoteSwiftPackageReference "firebase-ios-sdk" */;
			productName = FirebaseFirestoreSwift;
		};
		C43796082B4224CF009EAD1B /* FirebaseStorage */ = {
			isa = XCSwiftPackageProductDependency;
			package = C43795D52B4224CF009EAD1B /* XCRemoteSwiftPackageReference "firebase-ios-sdk" */;
			productName = FirebaseStorage;
		};
/* End XCSwiftPackageProductDependency section */
	};
	rootObject = C402CEEF2B3D9705002606A5 /* Project object */;
}
